Microsoft Visual Studio Solution File, Format Version 12.00
# Visual Studio 2012
Project("{FAE04EC0-301F-11D3-BF4B-00C04F79EFBC}") = "3D Platformer", "3D Platformer.csproj", "{CC8B077E-0172-4F4C-AE82-A946F42CB18D}"
EndProject
Global
	GlobalSection(SolutionConfigurationPlatforms) = preSolution
	Debug|Any CPU = Debug|Any CPU
	ExportDebug|Any CPU = ExportDebug|Any CPU
	ExportRelease|Any CPU = ExportRelease|Any CPU
	EndGlobalSection
	GlobalSection(ProjectConfigurationPlatforms) = postSolution
		{CC8B077E-0172-4F4C-AE82-A946F42CB18D}.Debug|Any CPU.ActiveCfg = Debug|Any CPU
		{CC8B077E-0172-4F4C-AE82-A946F42CB18D}.Debug|Any CPU.Build.0 = Debug|Any CPU
		{CC8B077E-0172-4F4C-AE82-A946F42CB18D}.ExportDebug|Any CPU.ActiveCfg = ExportDebug|Any CPU
		{CC8B077E-0172-4F4C-AE82-A946F42CB18D}.ExportDebug|Any CPU.Build.0 = ExportDebug|Any CPU
		{CC8B077E-0172-4F4C-AE82-A946F42CB18D}.ExportRelease|Any CPU.ActiveCfg = ExportRelease|Any CPU
		{CC8B077E-0172-4F4C-AE82-A946F42CB18D}.ExportRelease|Any CPU.Build.0 = ExportRelease|Any CPU
	EndGlobalSection
EndGlobal
